
Microsoft Visual Studio Solution File, Format Version 12.00
# Visual Studio 15
Project("{FAE04EC0-301F-11D3-BF4B-00C04F79EFBC}") = "LanguageLexer", "LanguageLexer\LanguageLexer.csproj", "{DF945BE7-32BB-46A1-8D9C-402B596DA457}"
EndProject
Global
	GlobalSection(SolutionConfigurationPlatforms) = preSolution
		Debug|anycpu = Debug|anycpu
		Release|anycpu = Release|anycpu
	EndGlobalSection
	GlobalSection(ProjectConfigurationPlatforms) = postSolution
		{DF945BE7-32BB-46A1-8D9C-402B596DA457}.Debug|anycpu.ActiveCfg = Debug|anycpu
		{DF945BE7-32BB-46A1-8D9C-402B596DA457}.Debug|anycpu.Build.0 = Debug|anycpu
		{DF945BE7-32BB-46A1-8D9C-402B596DA457}.Release|anycpu.ActiveCfg = Release|anycpu
		{DF945BE7-32BB-46A1-8D9C-402B596DA457}.Release|anycpu.Build.0 = Release|anycpu
	EndGlobalSection
EndGlobal
